
Microsoft Visual Studio Solution File, Format Version 12.00
# Visual Studio Version 16
VisualStudioVersion = 16.0.29728.190
MinimumVisualStudioVersion = 10.0.40219.1
Project("{FAE04EC0-301F-11D3-BF4B-00C04F79EFBC}") = "University.ConsoleUI", "University.ConsoleUI\University.ConsoleUI.csproj", "{5D3E3723-0C17-47EE-B2A8-AD9B79116DB6}"
EndProject
Project("{FAE04EC0-301F-11D3-BF4B-00C04F79EFBC}") = "UniversityDAL", "UniversityDAL\UniversityDAL.csproj", "{7A9CF629-4CC9-4FD8-B075-70540B7096DE}"
EndProject
Global
	GlobalSection(SolutionConfigurationPlatforms) = preSolution
		Debug|Any CPU = Debug|Any CPU
		Release|Any CPU = Release|Any CPU
	EndGlobalSection
	GlobalSection(ProjectConfigurationPlatforms) = postSolution
		{5D3E3723-0C17-47EE-B2A8-AD9B79116DB6}.Debug|Any CPU.ActiveCfg = Debug|Any CPU
		{5D3E3723-0C17-47EE-B2A8-AD9B79116DB6}.Debug|Any CPU.Build.0 = Debug|Any CPU
		{5D3E3723-0C17-47EE-B2A8-AD9B79116DB6}.Release|Any CPU.ActiveCfg = Release|Any CPU
		{5D3E3723-0C17-47EE-B2A8-AD9B79116DB6}.Release|Any CPU.Build.0 = Release|Any CPU
		{7A9CF629-4CC9-4FD8-B075-70540B7096DE}.Debug|Any CPU.ActiveCfg = Debug|Any CPU
		{7A9CF629-4CC9-4FD8-B075-70540B7096DE}.Debug|Any CPU.Build.0 = Debug|Any CPU
		{7A9CF629-4CC9-4FD8-B075-70540B7096DE}.Release|Any CPU.ActiveCfg = Release|Any CPU
		{7A9CF629-4CC9-4FD8-B075-70540B7096DE}.Release|Any CPU.Build.0 = Release|Any CPU
	EndGlobalSection
	GlobalSection(SolutionProperties) = preSolution
		HideSolutionNode = FALSE
	EndGlobalSection
	GlobalSection(ExtensibilityGlobals) = postSolution
		SolutionGuid = {4210C6B9-5212-481D-A519-70F68B1F1112}
	EndGlobalSection
EndGlobal
