
Microsoft Visual Studio Solution File, Format Version 12.00
# Visual Studio Version 16
VisualStudioVersion = 16.0.29728.190
MinimumVisualStudioVersion = 10.0.40219.1
Project("{FAE04EC0-301F-11D3-BF4B-00C04F79EFBC}") = "StudentLibrary.DAL", "2020.03.07_classwork\StudentLibrary.DAL\StudentLibrary.DAL.csproj", "{044D6208-39A2-4F83-96A0-A6E224A7959F}"
EndProject
Project("{9A19103F-16F7-4668-BE54-9A1E7A4F7556}") = "StudentLibrary", "2020.03.07_classwork\StudentLibrary\StudentLibrary.csproj", "{A761D703-A2A4-4154-8F12-D12B002AE577}"
EndProject
Global
	GlobalSection(SolutionConfigurationPlatforms) = preSolution
		Debug|Any CPU = Debug|Any CPU
		Release|Any CPU = Release|Any CPU
	EndGlobalSection
	GlobalSection(ProjectConfigurationPlatforms) = postSolution
		{044D6208-39A2-4F83-96A0-A6E224A7959F}.Debug|Any CPU.ActiveCfg = Debug|Any CPU
		{044D6208-39A2-4F83-96A0-A6E224A7959F}.Debug|Any CPU.Build.0 = Debug|Any CPU
		{044D6208-39A2-4F83-96A0-A6E224A7959F}.Release|Any CPU.ActiveCfg = Release|Any CPU
		{044D6208-39A2-4F83-96A0-A6E224A7959F}.Release|Any CPU.Build.0 = Release|Any CPU
		{A761D703-A2A4-4154-8F12-D12B002AE577}.Debug|Any CPU.ActiveCfg = Debug|Any CPU
		{A761D703-A2A4-4154-8F12-D12B002AE577}.Debug|Any CPU.Build.0 = Debug|Any CPU
		{A761D703-A2A4-4154-8F12-D12B002AE577}.Release|Any CPU.ActiveCfg = Release|Any CPU
		{A761D703-A2A4-4154-8F12-D12B002AE577}.Release|Any CPU.Build.0 = Release|Any CPU
	EndGlobalSection
	GlobalSection(SolutionProperties) = preSolution
		HideSolutionNode = FALSE
	EndGlobalSection
	GlobalSection(ExtensibilityGlobals) = postSolution
		SolutionGuid = {BC8D3E26-315F-4D31-ADE1-813F20652CF2}
	EndGlobalSection
EndGlobal
